
Microsoft Visual Studio Solution File, Format Version 12.00
# Visual Studio Version 17
VisualStudioVersion = 17.5.33414.496
MinimumVisualStudioVersion = 10.0.40219.1
Project("{FAE04EC0-301F-11D3-BF4B-00C04F79EFBC}") = "CalculatorCollab", "CalculatorCollab\CalculatorCollab.csproj", "{FB987A83-0C95-46F1-BA71-5CA9BB64B39A}"
EndProject
Project("{FAE04EC0-301F-11D3-BF4B-00C04F79EFBC}") = "CaluculatorCollab.BLL", "CaluculatorCollab.BLL\CaluculatorCollab.BLL.csproj", "{FCDDF12B-C70E-4903-B010-38899796E005}"
EndProject
Global
	GlobalSection(SolutionConfigurationPlatforms) = preSolution
		Debug|Any CPU = Debug|Any CPU
		Release|Any CPU = Release|Any CPU
	EndGlobalSection
	GlobalSection(ProjectConfigurationPlatforms) = postSolution
		{FB987A83-0C95-46F1-BA71-5CA9BB64B39A}.Debug|Any CPU.ActiveCfg = Debug|Any CPU
		{FB987A83-0C95-46F1-BA71-5CA9BB64B39A}.Debug|Any CPU.Build.0 = Debug|Any CPU
		{FB987A83-0C95-46F1-BA71-5CA9BB64B39A}.Release|Any CPU.ActiveCfg = Release|Any CPU
		{FB987A83-0C95-46F1-BA71-5CA9BB64B39A}.Release|Any CPU.Build.0 = Release|Any CPU
		{FCDDF12B-C70E-4903-B010-38899796E005}.Debug|Any CPU.ActiveCfg = Debug|Any CPU
		{FCDDF12B-C70E-4903-B010-38899796E005}.Debug|Any CPU.Build.0 = Debug|Any CPU
		{FCDDF12B-C70E-4903-B010-38899796E005}.Release|Any CPU.ActiveCfg = Release|Any CPU
		{FCDDF12B-C70E-4903-B010-38899796E005}.Release|Any CPU.Build.0 = Release|Any CPU
	EndGlobalSection
	GlobalSection(SolutionProperties) = preSolution
		HideSolutionNode = FALSE
	EndGlobalSection
	GlobalSection(ExtensibilityGlobals) = postSolution
		SolutionGuid = {A2DF20BF-535E-4244-AA90-9E177DA809F3}
	EndGlobalSection
EndGlobal
